Microsoft Visual Studio Solution File, Format Version 11.00
# Visual Studio 2008

Project("{917B3559-4A2A-615E-8EC6-79E0E7567C77}") = "RoguelikeSample2", "Assembly-CSharp.csproj", "{AEA18EE0-0A9C-3228-8182-DACAB888CCDF}"
EndProject
Global
	GlobalSection(SolutionConfigurationPlatforms) = preSolution
		Debug|Any CPU = Debug|Any CPU
		Release|Any CPU = Release|Any CPU
	EndGlobalSection
	GlobalSection(ProjectConfigurationPlatforms) = postSolution
		{AEA18EE0-0A9C-3228-8182-DACAB888CCDF}.Debug|Any CPU.ActiveCfg = Debug|Any CPU
		{AEA18EE0-0A9C-3228-8182-DACAB888CCDF}.Debug|Any CPU.Build.0 = Debug|Any CPU
		{AEA18EE0-0A9C-3228-8182-DACAB888CCDF}.Release|Any CPU.ActiveCfg = Release|Any CPU
		{AEA18EE0-0A9C-3228-8182-DACAB888CCDF}.Release|Any CPU.Build.0 = Release|Any CPU
	EndGlobalSection
	GlobalSection(SolutionProperties) = preSolution
		HideSolutionNode = FALSE
	EndGlobalSection
	GlobalSection(MonoDevelopProperties) = preSolution
		StartupItem = Assembly-CSharp.csproj
	EndGlobalSection
EndGlobal
